{
  "version": 4,
  "terraform_version": "1.13.3",
  "serial": 153,
  "lineage": "5647d30d-1ec9-afeb-765d-702ecc9a72a3",
  "outputs": {
    "jenkins_url": {
      "value": "http://dev-proj-1-alb-1622797907.eu-west-1.elb.amazonaws.com",
      "type": "string"
    }
  },
  "resources": [
    {
      "mode": "managed",
      "type": "aws_s3_bucket",
      "name": "terraform_state",
      "provider": "provider[\"registry.terraform.io/hashicorp/aws\"]",
      "instances": [
        {
          "schema_version": 0,
          "attributes": {
            "acceleration_status": "",
            "acl": null,
            "arn": "arn:aws:s3:::dev-proj-1-jenkins-remote-state-bucket-123456u",
            "bucket": "dev-proj-1-jenkins-remote-state-bucket-123456u",
            "bucket_domain_name": "dev-proj-1-jenkins-remote-state-bucket-123456u.s3.amazonaws.com",
            "bucket_prefix": "",
            "bucket_region": "eu-west-1",
            "bucket_regional_domain_name": "dev-proj-1-jenkins-remote-state-bucket-123456u.s3.eu-west-1.amazonaws.com",
            "cors_rule": [],
            "force_destroy": false,
            "grant": [
              {
                "id": "72dd2d2040eef2bcde8f1557a27ceddc1c38f3417d270a27eef3337260290394",
                "permissions": [
                  "FULL_CONTROL"
                ],
                "type": "CanonicalUser",
                "uri": ""
              }
            ],
            "hosted_zone_id": "Z1BKCTXD74EZPE",
            "id": "dev-proj-1-jenkins-remote-state-bucket-123456u",
            "lifecycle_rule": [],
            "logging": [],
            "object_lock_configuration": [],
            "object_lock_enabled": false,
            "policy": "",
            "region": "eu-west-1",
            "replication_configuration": [],
            "request_payer": "BucketOwner",
            "server_side_encryption_configuration": [
              {
                "rule": [
                  {
                    "apply_server_side_encryption_by_default": [
                      {
                        "kms_master_key_id": "",
                        "sse_algorithm": "AES256"
                      }
                    ],
                    "bucket_key_enabled": false
                  }
                ]
              }
            ],
            "tags": {
              "Environment": "dev",
              "Name": "Terraform State Bucket",
              "Project": "Jenkins"
            },
            "tags_all": {
              "Environment": "dev",
              "Name": "Terraform State Bucket",
              "Project": "Jenkins"
            },
            "timeouts": null,
            "versioning": [
              {
                "enabled": false,
                "mfa_delete": false
              }
            ],
            "website": [],
            "website_domain": null,
            "website_endpoint": null
          },
          "sensitive_attributes": [],
          "identity_schema_version": 0,
          "identity": {
            "account_id": "665168932835",
            "bucket": "dev-proj-1-jenkins-remote-state-bucket-123456u",
            "region": "eu-west-1"
          },
          "private": "eyJlMmJmYjczMC1lY2FhLTExZTYtOGY4OC0zNDM2M2JjN2M0YzAiOnsiY3JlYXRlIjoxMjAwMDAwMDAwMDAwLCJkZWxldGUiOjM2MDAwMDAwMDAwMDAsInJlYWQiOjEyMDAwMDAwMDAwMDAsInVwZGF0ZSI6MTIwMDAwMDAwMDAwMH19"
        }
      ]
    },
    {
      "mode": "managed",
      "type": "aws_s3_bucket_server_side_encryption_configuration",
      "name": "terraform_state",
      "provider": "provider[\"registry.terraform.io/hashicorp/aws\"]",
      "instances": [
        {
          "schema_version": 0,
          "attributes": {
            "bucket": "dev-proj-1-jenkins-remote-state-bucket-123456u",
            "expected_bucket_owner": "",
            "id": "dev-proj-1-jenkins-remote-state-bucket-123456u",
            "region": "eu-west-1",
            "rule": [
              {
                "apply_server_side_encryption_by_default": [
                  {
                    "kms_master_key_id": "",
                    "sse_algorithm": "AES256"
                  }
                ],
                "blocked_encryption_types": [],
                "bucket_key_enabled": null
              }
            ]
          },
          "sensitive_attributes": [],
          "identity_schema_version": 1,
          "identity": {
            "account_id": "665168932835",
            "bucket": "dev-proj-1-jenkins-remote-state-bucket-123456u",
            "region": "eu-west-1"
          },
          "private": "bnVsbA==",
          "dependencies": [
            "aws_s3_bucket.terraform_state"
          ]
        }
      ]
    },
    {
      "mode": "managed",
      "type": "aws_s3_bucket_versioning",
      "name": "terraform_state",
      "provider": "provider[\"registry.terraform.io/hashicorp/aws\"]",
      "instances": [
        {
          "schema_version": 0,
          "attributes": {
            "bucket": "dev-proj-1-jenkins-remote-state-bucket-123456u",
            "expected_bucket_owner": "",
            "id": "dev-proj-1-jenkins-remote-state-bucket-123456u",
            "mfa": null,
            "region": "eu-west-1",
            "versioning_configuration": [
              {
                "mfa_delete": "",
                "status": "Enabled"
              }
            ]
          },
          "sensitive_attributes": [],
          "identity_schema_version": 1,
          "identity": {
            "account_id": "665168932835",
            "bucket": "dev-proj-1-jenkins-remote-state-bucket-123456u",
            "region": "eu-west-1"
          },
          "private": "bnVsbA==",
          "dependencies": [
            "aws_s3_bucket.terraform_state"
          ]
        }
      ]
    },
    {
      "module": "module.alb",
      "mode": "managed",
      "type": "aws_lb",
      "name": "dev_proj_1_lb",
      "provider": "provider[\"registry.terraform.io/hashicorp/aws\"]",
      "instances": [
        {
          "schema_version": 0,
          "attributes": {
            "access_logs": [
              {
                "bucket": "",
                "enabled": false,
                "prefix": ""
              }
            ],
            "arn": "arn:aws:elasticloadbalancing:eu-west-1:665168932835:loadbalancer/app/dev-proj-1-alb/9c9656644797b6d3",
            "arn_suffix": "app/dev-proj-1-alb/9c9656644797b6d3",
            "client_keep_alive": 3600,
            "connection_logs": [
              {
                "bucket": "",
                "enabled": false,
                "prefix": ""
              }
            ],
            "customer_owned_ipv4_pool": "",
            "desync_mitigation_mode": "defensive",
            "dns_name": "dev-proj-1-alb-1622797907.eu-west-1.elb.amazonaws.com",
            "dns_record_client_routing_policy": null,
            "drop_invalid_header_fields": false,
            "enable_cross_zone_load_balancing": true,
            "enable_deletion_protection": false,
            "enable_http2": true,
            "enable_tls_version_and_cipher_suite_headers": false,
            "enable_waf_fail_open": false,
            "enable_xff_client_port": false,
            "enable_zonal_shift": false,
            "enforce_security_group_inbound_rules_on_private_link_traffic": "",
            "health_check_logs": [
              {
                "bucket": "",
                "enabled": false,
                "prefix": ""
              }
            ],
            "id": "arn:aws:elasticloadbalancing:eu-west-1:665168932835:loadbalancer/app/dev-proj-1-alb/9c9656644797b6d3",
            "idle_timeout": 60,
            "internal": false,
            "ip_address_type": "ipv4",
            "ipam_pools": [],
            "load_balancer_type": "application",
            "minimum_load_balancer_capacity": [],
            "name": "dev-proj-1-alb",
            "name_prefix": "",
            "preserve_host_header": false,
            "region": "eu-west-1",
            "secondary_ips_auto_assigned_per_subnet": null,
            "security_groups": [
              "sg-07c9a8f1de7d77e12"
            ],
            "subnet_mapping": [
              {
                "allocation_id": "",
                "ipv6_address": "",
                "outpost_id": "",
                "private_ipv4_address": "",
                "subnet_id": "subnet-06a3850edcaafb439"
              },
              {
                "allocation_id": "",
                "ipv6_address": "",
                "outpost_id": "",
                "private_ipv4_address": "",
                "subnet_id": "subnet-097fb81ff4b77e2f7"
              }
            ],
            "subnets": [
              "subnet-06a3850edcaafb439",
              "subnet-097fb81ff4b77e2f7"
            ],
            "tags": {
              "Name": "example-lb"
            },
            "tags_all": {
              "Name": "example-lb"
            },
            "timeouts": null,
            "vpc_id": "vpc-0cacdc775a5141331",
            "xff_header_processing_mode": "append",
            "zone_id": "Z32O12XQLNTSW2"
          },
          "sensitive_attributes": [],
          "identity_schema_version": 0,
          "identity": {
            "arn": "arn:aws:elasticloadbalancing:eu-west-1:665168932835:loadbalancer/app/dev-proj-1-alb/9c9656644797b6d3"
          },
          "private": "eyJlMmJmYjczMC1lY2FhLTExZTYtOGY4OC0zNDM2M2JjN2M0YzAiOnsiY3JlYXRlIjo2MDAwMDAwMDAwMDAsImRlbGV0ZSI6NjAwMDAwMDAwMDAwLCJ1cGRhdGUiOjYwMDAwMDAwMDAwMH19",
          "dependencies": [
            "module.networking.aws_subnet.dev_proj_1_public_subnets",
            "module.networking.aws_vpc.dev_proj_1_vpc_eu_central_1",
            "module.security_group.aws_security_group.ec2_sg_ssh_http"
          ]
        }
      ]
    },
    {
      "module": "module.alb",
      "mode": "managed",
      "type": "aws_lb_listener",
      "name": "dev_proj_1_lb_listner",
      "provider": "provider[\"registry.terraform.io/hashicorp/aws\"]",
      "instances": [
        {
          "schema_version": 0,
          "attributes": {
            "alpn_policy": null,
            "arn": "arn:aws:elasticloadbalancing:eu-west-1:665168932835:listener/app/dev-proj-1-alb/9c9656644797b6d3/d7c70c41a25c8094",
            "certificate_arn": null,
            "default_action": [
              {
                "authenticate_cognito": [],
                "authenticate_oidc": [],
                "fixed_response": [],
                "forward": [],
                "jwt_validation": [],
                "order": 1,
                "redirect": [],
                "target_group_arn": "arn:aws:elasticloadbalancing:eu-west-1:665168932835:targetgroup/jenkins-lb-target-group/213acac1d4bca99e",
                "type": "forward"
              }
            ],
            "id": "arn:aws:elasticloadbalancing:eu-west-1:665168932835:listener/app/dev-proj-1-alb/9c9656644797b6d3/d7c70c41a25c8094",
            "load_balancer_arn": "arn:aws:elasticloadbalancing:eu-west-1:665168932835:loadbalancer/app/dev-proj-1-alb/9c9656644797b6d3",
            "mutual_authentication": [],
            "port": 80,
            "protocol": "HTTP",
            "region": "eu-west-1",
            "routing_http_request_x_amzn_mtls_clientcert_header_name": null,
            "routing_http_request_x_amzn_mtls_clientcert_issuer_header_name": null,
            "routing_http_request_x_amzn_mtls_clientcert_leaf_header_name": null,
            "routing_http_request_x_amzn_mtls_clientcert_serial_number_header_name": null,
            "routing_http_request_x_amzn_mtls_clientcert_subject_header_name": null,
            "routing_http_request_x_amzn_mtls_clientcert_validity_header_name": null,
            "routing_http_request_x_amzn_tls_cipher_suite_header_name": null,
            "routing_http_request_x_amzn_tls_version_header_name": null,
            "routing_http_response_access_control_allow_credentials_header_value": "",
            "routing_http_response_access_control_allow_headers_header_value": "",
            "routing_http_response_access_control_allow_methods_header_value": "",
            "routing_http_response_access_control_allow_origin_header_value": "",
            "routing_http_response_access_control_expose_headers_header_value": "",
            "routing_http_response_access_control_max_age_header_value": "",
            "routing_http_response_content_security_policy_header_value": "",
            "routing_http_response_server_enabled": true,
            "routing_http_response_strict_transport_security_header_value": "",
            "routing_http_response_x_content_type_options_header_value": "",
            "routing_http_response_x_frame_options_header_value": "",
            "ssl_policy": "",
            "tags": null,
            "tags_all": {},
            "tcp_idle_timeout_seconds": null,
            "timeouts": null
          },
          "sensitive_attributes": [],
          "identity_schema_version": 0,
          "identity": {
            "arn": "arn:aws:elasticloadbalancing:eu-west-1:665168932835:listener/app/dev-proj-1-alb/9c9656644797b6d3/d7c70c41a25c8094"
          },
          "private": "eyJlMmJmYjczMC1lY2FhLTExZTYtOGY4OC0zNDM2M2JjN2M0YzAiOnsiY3JlYXRlIjozMDAwMDAwMDAwMDAsInVwZGF0ZSI6MzAwMDAwMDAwMDAwfX0=",
          "dependencies": [
            "module.alb.aws_lb.dev_proj_1_lb",
            "module.lb_target_group.aws_lb_target_group.dev_proj_1_lb_target_group",
            "module.networking.aws_subnet.dev_proj_1_public_subnets",
            "module.networking.aws_vpc.dev_proj_1_vpc_eu_central_1",
            "module.security_group.aws_security_group.ec2_sg_ssh_http"
          ]
        }
      ]
    },
    {
      "module": "module.alb",
      "mode": "managed",
      "type": "aws_lb_target_group_attachment",
      "name": "dev_proj_1_lb_target_group_attachment",
      "provider": "provider[\"registry.terraform.io/hashicorp/aws\"]",
      "instances": [
        {
          "schema_version": 0,
          "attributes": {
            "availability_zone": null,
            "id": "arn:aws:elasticloadbalancing:eu-west-1:665168932835:targetgroup/jenkins-lb-target-group/213acac1d4bca99e-20260209153449624600000004",
            "port": 8080,
            "quic_server_id": null,
            "region": "eu-west-1",
            "target_group_arn": "arn:aws:elasticloadbalancing:eu-west-1:665168932835:targetgroup/jenkins-lb-target-group/213acac1d4bca99e",
            "target_id": "i-04567b4a7aa3211cc"
          },
          "sensitive_attributes": [],
          "identity_schema_version": 0,
          "private": "bnVsbA==",
          "dependencies": [
            "module.jenkins.aws_instance.jenkins_ec2_instance_ip",
            "module.lb_target_group.aws_lb_target_group.dev_proj_1_lb_target_group",
            "module.networking.aws_subnet.dev_proj_1_public_subnets",
            "module.networking.aws_vpc.dev_proj_1_vpc_eu_central_1",
            "module.security_group.aws_security_group.ec2_jenkins_port_8080",
            "module.security_group.aws_security_group.ec2_sg_ssh_http"
          ]
        }
      ]
    },
    {
      "module": "module.jenkins",
      "mode": "managed",
      "type": "aws_instance",
      "name": "jenkins_ec2_instance_ip",
      "provider": "provider[\"registry.terraform.io/hashicorp/aws\"]",
      "instances": [
        {
          "schema_version": 2,
          "attributes": {
            "ami": "ami-0694d931cee176e7d",
            "arn": "arn:aws:ec2:eu-west-1:665168932835:instance/i-04567b4a7aa3211cc",
            "associate_public_ip_address": true,
            "availability_zone": "eu-west-1a",
            "capacity_reservation_specification": [
              {
                "capacity_reservation_preference": "open",
                "capacity_reservation_target": []
              }
            ],
            "cpu_options": [
              {
                "amd_sev_snp": "",
                "core_count": 2,
                "threads_per_core": 1
              }
            ],
            "credit_specification": [
              {
                "cpu_credits": "standard"
              }
            ],
            "disable_api_stop": false,
            "disable_api_termination": false,
            "ebs_block_device": [],
            "ebs_optimized": false,
            "enable_primary_ipv6": null,
            "enclave_options": [
              {
                "enabled": false
              }
            ],
            "ephemeral_block_device": [],
            "force_destroy": false,
            "get_password_data": false,
            "hibernation": false,
            "host_id": "",
            "host_resource_group_arn": null,
            "iam_instance_profile": "",
            "id": "i-04567b4a7aa3211cc",
            "instance_initiated_shutdown_behavior": "stop",
            "instance_lifecycle": "",
            "instance_market_options": [],
            "instance_state": "running",
            "instance_type": "t2.medium",
            "ipv6_address_count": 0,
            "ipv6_addresses": [],
            "key_name": "aws_ec2_terraform",
            "launch_template": [],
            "maintenance_options": [
              {
                "auto_recovery": "default"
              }
            ],
            "metadata_options": [
              {
                "http_endpoint": "enabled",
                "http_protocol_ipv6": "disabled",
                "http_put_response_hop_limit": 1,
                "http_tokens": "required",
                "instance_metadata_tags": "disabled"
              }
            ],
            "monitoring": false,
            "network_interface": [],
            "outpost_arn": "",
            "password_data": "",
            "placement_group": "",
            "placement_group_id": "",
            "placement_partition_number": 0,
            "primary_network_interface": [
              {
                "delete_on_termination": true,
                "network_interface_id": "eni-0587b93fc3ccc9a4e"
              }
            ],
            "primary_network_interface_id": "eni-0587b93fc3ccc9a4e",
            "private_dns": "ip-11-0-1-202.eu-west-1.compute.internal",
            "private_dns_name_options": [
              {
                "enable_resource_name_dns_a_record": false,
                "enable_resource_name_dns_aaaa_record": false,
                "hostname_type": "ip-name"
              }
            ],
            "private_ip": "11.0.1.202",
            "public_dns": "",
            "public_ip": "34.244.220.164",
            "region": "eu-west-1",
            "root_block_device": [
              {
                "delete_on_termination": true,
                "device_name": "/dev/sda1",
                "encrypted": false,
                "iops": 100,
                "kms_key_id": "",
                "tags": {},
                "tags_all": {},
                "throughput": 0,
                "volume_id": "vol-062a0c5c75ea1da14",
                "volume_size": 8,
                "volume_type": "gp2"
              }
            ],
            "secondary_private_ips": [],
            "security_groups": [],
            "source_dest_check": true,
            "spot_instance_request_id": "",
            "subnet_id": "subnet-097fb81ff4b77e2f7",
            "tags": {
              "Name": "Jenkins:Ubuntu Linux EC2"
            },
            "tags_all": {
              "Name": "Jenkins:Ubuntu Linux EC2"
            },
            "tenancy": "default",
            "timeouts": null,
            "user_data": "#!/bin/bash\r\n\r\n# 1. Wait for Ubuntu background updates to finish\r\nwhile fuser /var/lib/dpkg/lock-frontend \u003e/dev/null 2\u003e\u00261; do\r\n   echo \"Waiting for other software managers to finish...\"\r\n   sleep 5\r\ndone\r\n\r\n# 2. Update and Install Java 17\r\nsudo apt-get update -y\r\nsudo apt-get install -y fontconfig openjdk-17-jre wget\r\n\r\n# 3. Download Jenkins directly as .deb package (bypass repository issues)\r\necho \"Downloading Jenkins .deb package...\"\r\ncurl -fsSL https://pkg.jenkins.io/debian-stable/jenkins.io-2026.key | sudo tee \\\r\n  /usr/share/keyrings/jenkins-keyring.asc \u003e /dev/null\r\n\r\necho \"deb [signed-by=/usr/share/keyrings/jenkins-keyring.asc] \\\r\n  https://pkg.jenkins.io/debian-stable binary/\" | sudo tee \\\r\n  /etc/apt/sources.list.d/jenkins.list \u003e /dev/null\r\n\r\nsudo apt-get update -y\r\n\r\n# 4. Install Jenkins\r\necho \"Installing Jenkins...\"\r\nsudo apt-get install -y jenkins\r\n\r\n# 5. Fix any dependency issues\r\nsudo apt-get install -f -y\r\n\r\n# 6. Start Jenkins\r\necho \"Starting Jenkins...\"\r\nsudo systemctl enable jenkins\r\nsudo systemctl start jenkins\r\n\r\n# 7. Wait for Jenkins to fully start\r\necho \"Waiting for Jenkins to start (60 seconds)...\"\r\nsleep 60\r\n\r\n# 8. Display initial admin password\r\necho \"=========================================\"\r\necho \"Jenkins Initial Admin Password:\"\r\nsudo cat /var/lib/jenkins/secrets/initialAdminPassword 2\u003e/dev/null || echo \"Jenkins still starting, wait another minute\"\r\necho \"=========================================\"\r\n\r\n# 9. Install Terraform\r\necho \"Installing Terraform...\"\r\nsudo apt-get install -y unzip\r\nwget -q https://releases.hashicorp.com/terraform/1.6.5/terraform_1.6.5_linux_amd64.zip\r\nunzip -q 'terraform*.zip'\r\nsudo mv terraform /usr/local/bin/\r\nterraform --version\r\n\r\necho \"=========================================\"\r\necho \"Setup complete!\"\r\necho \"=========================================\"",
            "user_data_base64": null,
            "user_data_replace_on_change": false,
            "volume_tags": null,
            "vpc_security_group_ids": [
              "sg-07c9a8f1de7d77e12",
              "sg-0f8c6ba57ed74ab0d"
            ]
          },
          "sensitive_attributes": [],
          "identity_schema_version": 0,
          "identity": {
            "account_id": "665168932835",
            "id": "i-04567b4a7aa3211cc",
            "region": "eu-west-1"
          },
          "private": "eyJlMmJmYjczMC1lY2FhLTExZTYtOGY4OC0zNDM2M2JjN2M0YzAiOnsiY3JlYXRlIjo2MDAwMDAwMDAwMDAsImRlbGV0ZSI6MTIwMDAwMDAwMDAwMCwicmVhZCI6OTAwMDAwMDAwMDAwLCJ1cGRhdGUiOjYwMDAwMDAwMDAwMH0sInNjaGVtYV92ZXJzaW9uIjoiMiJ9",
          "dependencies": [
            "module.networking.aws_subnet.dev_proj_1_public_subnets",
            "module.networking.aws_vpc.dev_proj_1_vpc_eu_central_1",
            "module.security_group.aws_security_group.ec2_jenkins_port_8080",
            "module.security_group.aws_security_group.ec2_sg_ssh_http"
          ]
        }
      ]
    },
    {
      "module": "module.jenkins",
      "mode": "managed",
      "type": "aws_key_pair",
      "name": "jenkins_ec2_instance_public_key",
      "provider": "provider[\"registry.terraform.io/hashicorp/aws\"]",
      "instances": [
        {
          "schema_version": 1,
          "attributes": {
            "arn": "arn:aws:ec2:eu-west-1:665168932835:key-pair/aws_ec2_terraform",
            "fingerprint": "wx5sWTHybw71Khf7OaN6SZuaw1D2LZwmrABB35GvDvE=",
            "id": "aws_ec2_terraform",
            "key_name": "aws_ec2_terraform",
            "key_name_prefix": "",
            "key_pair_id": "key-0732e3efb0146371b",
            "key_type": "ed25519",
            "public_key": "ssh-ed25519 AAAAC3NzaC1lZDI1NTE5AAAAIDSZNGyy29XYIavG2ilS7w5+Ni9pNci48yZiAtiAoU0+ dell@DESKTOP-8MD4GRD",
            "region": "eu-west-1",
            "tags": null,
            "tags_all": {}
          },
          "sensitive_attributes": [],
          "identity_schema_version": 0,
          "private": "eyJzY2hlbWFfdmVyc2lvbiI6IjEifQ=="
        }
      ]
    },
    {
      "module": "module.lb_target_group",
      "mode": "managed",
      "type": "aws_lb_target_group",
      "name": "dev_proj_1_lb_target_group",
      "provider": "provider[\"registry.terraform.io/hashicorp/aws\"]",
      "instances": [
        {
          "schema_version": 0,
          "attributes": {
            "arn": "arn:aws:elasticloadbalancing:eu-west-1:665168932835:targetgroup/jenkins-lb-target-group/213acac1d4bca99e",
            "arn_suffix": "targetgroup/jenkins-lb-target-group/213acac1d4bca99e",
            "connection_termination": null,
            "deregistration_delay": "300",
            "health_check": [
              {
                "enabled": true,
                "healthy_threshold": 6,
                "interval": 5,
                "matcher": "200",
                "path": "/login",
                "port": "8080",
                "protocol": "HTTP",
                "timeout": 2,
                "unhealthy_threshold": 2
              }
            ],
            "id": "arn:aws:elasticloadbalancing:eu-west-1:665168932835:targetgroup/jenkins-lb-target-group/213acac1d4bca99e",
            "ip_address_type": "ipv4",
            "lambda_multi_value_headers_enabled": false,
            "load_balancer_arns": [],
            "load_balancing_algorithm_type": "round_robin",
            "load_balancing_anomaly_mitigation": "off",
            "load_balancing_cross_zone_enabled": "use_load_balancer_configuration",
            "name": "jenkins-lb-target-group",
            "name_prefix": "",
            "port": 8080,
            "preserve_client_ip": null,
            "protocol": "HTTP",
            "protocol_version": "HTTP1",
            "proxy_protocol_v2": false,
            "region": "eu-west-1",
            "slow_start": 0,
            "stickiness": [
              {
                "cookie_duration": 86400,
                "cookie_name": "",
                "enabled": false,
                "type": "lb_cookie"
              }
            ],
            "tags": null,
            "tags_all": {},
            "target_control_port": 0,
            "target_failover": [
              {
                "on_deregistration": null,
                "on_unhealthy": null
              }
            ],
            "target_group_health": [
              {
                "dns_failover": [
                  {
                    "minimum_healthy_targets_count": "1",
                    "minimum_healthy_targets_percentage": "off"
                  }
                ],
                "unhealthy_state_routing": [
                  {
                    "minimum_healthy_targets_count": 1,
                    "minimum_healthy_targets_percentage": "off"
                  }
                ]
              }
            ],
            "target_health_state": [
              {
                "enable_unhealthy_connection_termination": null,
                "unhealthy_draining_interval": null
              }
            ],
            "target_type": "instance",
            "vpc_id": "vpc-0cacdc775a5141331"
          },
          "sensitive_attributes": [],
          "identity_schema_version": 0,
          "identity": {
            "arn": "arn:aws:elasticloadbalancing:eu-west-1:665168932835:targetgroup/jenkins-lb-target-group/213acac1d4bca99e"
          },
          "private": "bnVsbA==",
          "dependencies": [
            "module.networking.aws_vpc.dev_proj_1_vpc_eu_central_1"
          ]
        }
      ]
    },
    {
      "module": "module.lb_target_group",
      "mode": "managed",
      "type": "aws_lb_target_group_attachment",
      "name": "dev_proj_1_lb_target_group_attachment",
      "provider": "provider[\"registry.terraform.io/hashicorp/aws\"]",
      "instances": [
        {
          "schema_version": 0,
          "attributes": {
            "availability_zone": null,
            "id": "arn:aws:elasticloadbalancing:eu-west-1:665168932835:targetgroup/jenkins-lb-target-group/213acac1d4bca99e-20260209153449824300000005",
            "port": 8080,
            "quic_server_id": null,
            "region": "eu-west-1",
            "target_group_arn": "arn:aws:elasticloadbalancing:eu-west-1:665168932835:targetgroup/jenkins-lb-target-group/213acac1d4bca99e",
            "target_id": "i-04567b4a7aa3211cc"
          },
          "sensitive_attributes": [],
          "identity_schema_version": 0,
          "private": "bnVsbA==",
          "dependencies": [
            "module.jenkins.aws_instance.jenkins_ec2_instance_ip",
            "module.lb_target_group.aws_lb_target_group.dev_proj_1_lb_target_group",
            "module.networking.aws_subnet.dev_proj_1_public_subnets",
            "module.networking.aws_vpc.dev_proj_1_vpc_eu_central_1",
            "module.security_group.aws_security_group.ec2_jenkins_port_8080",
            "module.security_group.aws_security_group.ec2_sg_ssh_http"
          ]
        }
      ]
    },
    {
      "module": "module.networking",
      "mode": "managed",
      "type": "aws_internet_gateway",
      "name": "dev_proj_1_public_internet_gateway",
      "provider": "provider[\"registry.terraform.io/hashicorp/aws\"]",
      "instances": [
        {
          "schema_version": 0,
          "attributes": {
            "arn": "arn:aws:ec2:eu-west-1:665168932835:internet-gateway/igw-01620c5ff731e5574",
            "id": "igw-01620c5ff731e5574",
            "owner_id": "665168932835",
            "region": "eu-west-1",
            "tags": {
              "Name": "dev-proj-1-igw"
            },
            "tags_all": {
              "Name": "dev-proj-1-igw"
            },
            "timeouts": null,
            "vpc_id": "vpc-0cacdc775a5141331"
          },
          "sensitive_attributes": [],
          "identity_schema_version": 0,
          "private": "eyJlMmJmYjczMC1lY2FhLTExZTYtOGY4OC0zNDM2M2JjN2M0YzAiOnsiY3JlYXRlIjoxMjAwMDAwMDAwMDAwLCJkZWxldGUiOjEyMDAwMDAwMDAwMDAsInVwZGF0ZSI6MTIwMDAwMDAwMDAwMH19",
          "dependencies": [
            "module.networking.aws_vpc.dev_proj_1_vpc_eu_central_1"
          ]
        }
      ]
    },
    {
      "module": "module.networking",
      "mode": "managed",
      "type": "aws_route_table",
      "name": "dev_proj_1_private_subnets",
      "provider": "provider[\"registry.terraform.io/hashicorp/aws\"]",
      "instances": [
        {
          "schema_version": 0,
          "attributes": {
            "arn": "arn:aws:ec2:eu-west-1:665168932835:route-table/rtb-0b5784c1e94702843",
            "id": "rtb-0b5784c1e94702843",
            "owner_id": "665168932835",
            "propagating_vgws": [],
            "region": "eu-west-1",
            "route": [],
            "tags": {
              "Name": "dev-proj-1-private-rt"
            },
            "tags_all": {
              "Name": "dev-proj-1-private-rt"
            },
            "timeouts": null,
            "vpc_id": "vpc-0cacdc775a5141331"
          },
          "sensitive_attributes": [],
          "identity_schema_version": 0,
          "identity": {
            "account_id": "665168932835",
            "id": "rtb-0b5784c1e94702843",
            "region": "eu-west-1"
          },
          "private": "eyJlMmJmYjczMC1lY2FhLTExZTYtOGY4OC0zNDM2M2JjN2M0YzAiOnsiY3JlYXRlIjozMDAwMDAwMDAwMDAsImRlbGV0ZSI6MzAwMDAwMDAwMDAwLCJ1cGRhdGUiOjEyMDAwMDAwMDAwMH19",
          "dependencies": [
            "module.networking.aws_vpc.dev_proj_1_vpc_eu_central_1"
          ]
        }
      ]
    },
    {
      "module": "module.networking",
      "mode": "managed",
      "type": "aws_route_table",
      "name": "dev_proj_1_public_route_table",
      "provider": "provider[\"registry.terraform.io/hashicorp/aws\"]",
      "instances": [
        {
          "schema_version": 0,
          "attributes": {
            "arn": "arn:aws:ec2:eu-west-1:665168932835:route-table/rtb-039b2408f9f9bb510",
            "id": "rtb-039b2408f9f9bb510",
            "owner_id": "665168932835",
            "propagating_vgws": [],
            "region": "eu-west-1",
            "route": [
              {
                "carrier_gateway_id": "",
                "cidr_block": "0.0.0.0/0",
                "core_network_arn": "",
                "destination_prefix_list_id": "",
                "egress_only_gateway_id": "",
                "gateway_id": "igw-01620c5ff731e5574",
                "ipv6_cidr_block": "",
                "local_gateway_id": "",
                "nat_gateway_id": "",
                "network_interface_id": "",
                "transit_gateway_id": "",
                "vpc_endpoint_id": "",
                "vpc_peering_connection_id": ""
              }
            ],
            "tags": {
              "Name": "dev-proj-1-public-rt"
            },
            "tags_all": {
              "Name": "dev-proj-1-public-rt"
            },
            "timeouts": null,
            "vpc_id": "vpc-0cacdc775a5141331"
          },
          "sensitive_attributes": [],
          "identity_schema_version": 0,
          "identity": {
            "account_id": "665168932835",
            "id": "rtb-039b2408f9f9bb510",
            "region": "eu-west-1"
          },
          "private": "eyJlMmJmYjczMC1lY2FhLTExZTYtOGY4OC0zNDM2M2JjN2M0YzAiOnsiY3JlYXRlIjozMDAwMDAwMDAwMDAsImRlbGV0ZSI6MzAwMDAwMDAwMDAwLCJ1cGRhdGUiOjEyMDAwMDAwMDAwMH19",
          "dependencies": [
            "module.networking.aws_internet_gateway.dev_proj_1_public_internet_gateway",
            "module.networking.aws_vpc.dev_proj_1_vpc_eu_central_1"
          ]
        }
      ]
    },
    {
      "module": "module.networking",
      "mode": "managed",
      "type": "aws_route_table_association",
      "name": "dev_proj_1_private_rt_subnet_association",
      "provider": "provider[\"registry.terraform.io/hashicorp/aws\"]",
      "instances": [
        {
          "index_key": 0,
          "schema_version": 0,
          "attributes": {
            "gateway_id": "",
            "id": "rtbassoc-000bb7590b654b48d",
            "region": "eu-west-1",
            "route_table_id": "rtb-0b5784c1e94702843",
            "subnet_id": "subnet-091680b8e40770a8b",
            "timeouts": null
          },
          "sensitive_attributes": [],
          "identity_schema_version": 0,
          "private": "eyJlMmJmYjczMC1lY2FhLTExZTYtOGY4OC0zNDM2M2JjN2M0YzAiOnsiY3JlYXRlIjozMDAwMDAwMDAwMDAsImRlbGV0ZSI6MzAwMDAwMDAwMDAwLCJ1cGRhdGUiOjEyMDAwMDAwMDAwMH19",
          "dependencies": [
            "module.networking.aws_route_table.dev_proj_1_private_subnets",
            "module.networking.aws_subnet.dev_proj_1_private_subnets",
            "module.networking.aws_vpc.dev_proj_1_vpc_eu_central_1"
          ]
        },
        {
          "index_key": 1,
          "schema_version": 0,
          "attributes": {
            "gateway_id": "",
            "id": "rtbassoc-0fcbe506583d2f8d0",
            "region": "eu-west-1",
            "route_table_id": "rtb-0b5784c1e94702843",
            "subnet_id": "subnet-0d9977d36086630a5",
            "timeouts": null
          },
          "sensitive_attributes": [],
          "identity_schema_version": 0,
          "private": "eyJlMmJmYjczMC1lY2FhLTExZTYtOGY4OC0zNDM2M2JjN2M0YzAiOnsiY3JlYXRlIjozMDAwMDAwMDAwMDAsImRlbGV0ZSI6MzAwMDAwMDAwMDAwLCJ1cGRhdGUiOjEyMDAwMDAwMDAwMH19",
          "dependencies": [
            "module.networking.aws_route_table.dev_proj_1_private_subnets",
            "module.networking.aws_subnet.dev_proj_1_private_subnets",
            "module.networking.aws_vpc.dev_proj_1_vpc_eu_central_1"
          ]
        }
      ]
    },
    {
      "module": "module.networking",
      "mode": "managed",
      "type": "aws_route_table_association",
      "name": "dev_proj_1_public_rt_subnet_association",
      "provider": "provider[\"registry.terraform.io/hashicorp/aws\"]",
      "instances": [
        {
          "index_key": 0,
          "schema_version": 0,
          "attributes": {
            "gateway_id": "",
            "id": "rtbassoc-068bd7c7ed605af95",
            "region": "eu-west-1",
            "route_table_id": "rtb-039b2408f9f9bb510",
            "subnet_id": "subnet-097fb81ff4b77e2f7",
            "timeouts": null
          },
          "sensitive_attributes": [],
          "identity_schema_version": 0,
          "private": "eyJlMmJmYjczMC1lY2FhLTExZTYtOGY4OC0zNDM2M2JjN2M0YzAiOnsiY3JlYXRlIjozMDAwMDAwMDAwMDAsImRlbGV0ZSI6MzAwMDAwMDAwMDAwLCJ1cGRhdGUiOjEyMDAwMDAwMDAwMH19",
          "dependencies": [
            "module.networking.aws_internet_gateway.dev_proj_1_public_internet_gateway",
            "module.networking.aws_route_table.dev_proj_1_public_route_table",
            "module.networking.aws_subnet.dev_proj_1_public_subnets",
            "module.networking.aws_vpc.dev_proj_1_vpc_eu_central_1"
          ]
        },
        {
          "index_key": 1,
          "schema_version": 0,
          "attributes": {
            "gateway_id": "",
            "id": "rtbassoc-0ab3d882e7f9c58ea",
            "region": "eu-west-1",
            "route_table_id": "rtb-039b2408f9f9bb510",
            "subnet_id": "subnet-06a3850edcaafb439",
            "timeouts": null
          },
          "sensitive_attributes": [],
          "identity_schema_version": 0,
          "private": "eyJlMmJmYjczMC1lY2FhLTExZTYtOGY4OC0zNDM2M2JjN2M0YzAiOnsiY3JlYXRlIjozMDAwMDAwMDAwMDAsImRlbGV0ZSI6MzAwMDAwMDAwMDAwLCJ1cGRhdGUiOjEyMDAwMDAwMDAwMH19",
          "dependencies": [
            "module.networking.aws_internet_gateway.dev_proj_1_public_internet_gateway",
            "module.networking.aws_route_table.dev_proj_1_public_route_table",
            "module.networking.aws_subnet.dev_proj_1_public_subnets",
            "module.networking.aws_vpc.dev_proj_1_vpc_eu_central_1"
          ]
        }
      ]
    },
    {
      "module": "module.networking",
      "mode": "managed",
      "type": "aws_subnet",
      "name": "dev_proj_1_private_subnets",
      "provider": "provider[\"registry.terraform.io/hashicorp/aws\"]",
      "instances": [
        {
          "index_key": 0,
          "schema_version": 1,
          "attributes": {
            "arn": "arn:aws:ec2:eu-west-1:665168932835:subnet/subnet-091680b8e40770a8b",
            "assign_ipv6_address_on_creation": false,
            "availability_zone": "eu-west-1a",
            "availability_zone_id": "euw1-az2",
            "cidr_block": "11.0.3.0/24",
            "customer_owned_ipv4_pool": "",
            "enable_dns64": false,
            "enable_lni_at_device_index": 0,
            "enable_resource_name_dns_a_record_on_launch": false,
            "enable_resource_name_dns_aaaa_record_on_launch": false,
            "id": "subnet-091680b8e40770a8b",
            "ipv4_ipam_pool_id": null,
            "ipv4_netmask_length": null,
            "ipv6_cidr_block": "",
            "ipv6_cidr_block_association_id": "",
            "ipv6_ipam_pool_id": null,
            "ipv6_native": false,
            "ipv6_netmask_length": null,
            "map_customer_owned_ip_on_launch": false,
            "map_public_ip_on_launch": false,
            "outpost_arn": "",
            "owner_id": "665168932835",
            "private_dns_hostname_type_on_launch": "ip-name",
            "region": "eu-west-1",
            "tags": {
              "Name": "dev-proj-private-subnet-1"
            },
            "tags_all": {
              "Name": "dev-proj-private-subnet-1"
            },
            "timeouts": null,
            "vpc_id": "vpc-0cacdc775a5141331"
          },
          "sensitive_attributes": [],
          "identity_schema_version": 0,
          "identity": {
            "account_id": "665168932835",
            "id": "subnet-091680b8e40770a8b",
            "region": "eu-west-1"
          },
          "private": "eyJlMmJmYjczMC1lY2FhLTExZTYtOGY4OC0zNDM2M2JjN2M0YzAiOnsiY3JlYXRlIjo2MDAwMDAwMDAwMDAsImRlbGV0ZSI6MTIwMDAwMDAwMDAwMH0sInNjaGVtYV92ZXJzaW9uIjoiMSJ9",
          "dependencies": [
            "module.networking.aws_vpc.dev_proj_1_vpc_eu_central_1"
          ]
        },
        {
          "index_key": 1,
          "schema_version": 1,
          "attributes": {
            "arn": "arn:aws:ec2:eu-west-1:665168932835:subnet/subnet-0d9977d36086630a5",
            "assign_ipv6_address_on_creation": false,
            "availability_zone": "eu-west-1b",
            "availability_zone_id": "euw1-az3",
            "cidr_block": "11.0.4.0/24",
            "customer_owned_ipv4_pool": "",
            "enable_dns64": false,
            "enable_lni_at_device_index": 0,
            "enable_resource_name_dns_a_record_on_launch": false,
            "enable_resource_name_dns_aaaa_record_on_launch": false,
            "id": "subnet-0d9977d36086630a5",
            "ipv4_ipam_pool_id": null,
            "ipv4_netmask_length": null,
            "ipv6_cidr_block": "",
            "ipv6_cidr_block_association_id": "",
            "ipv6_ipam_pool_id": null,
            "ipv6_native": false,
            "ipv6_netmask_length": null,
            "map_customer_owned_ip_on_launch": false,
            "map_public_ip_on_launch": false,
            "outpost_arn": "",
            "owner_id": "665168932835",
            "private_dns_hostname_type_on_launch": "ip-name",
            "region": "eu-west-1",
            "tags": {
              "Name": "dev-proj-private-subnet-2"
            },
            "tags_all": {
              "Name": "dev-proj-private-subnet-2"
            },
            "timeouts": null,
            "vpc_id": "vpc-0cacdc775a5141331"
          },
          "sensitive_attributes": [],
          "identity_schema_version": 0,
          "identity": {
            "account_id": "665168932835",
            "id": "subnet-0d9977d36086630a5",
            "region": "eu-west-1"
          },
          "private": "eyJlMmJmYjczMC1lY2FhLTExZTYtOGY4OC0zNDM2M2JjN2M0YzAiOnsiY3JlYXRlIjo2MDAwMDAwMDAwMDAsImRlbGV0ZSI6MTIwMDAwMDAwMDAwMH0sInNjaGVtYV92ZXJzaW9uIjoiMSJ9",
          "dependencies": [
            "module.networking.aws_vpc.dev_proj_1_vpc_eu_central_1"
          ]
        }
      ]
    },
    {
      "module": "module.networking",
      "mode": "managed",
      "type": "aws_subnet",
      "name": "dev_proj_1_public_subnets",
      "provider": "provider[\"registry.terraform.io/hashicorp/aws\"]",
      "instances": [
        {
          "index_key": 0,
          "schema_version": 1,
          "attributes": {
            "arn": "arn:aws:ec2:eu-west-1:665168932835:subnet/subnet-097fb81ff4b77e2f7",
            "assign_ipv6_address_on_creation": false,
            "availability_zone": "eu-west-1a",
            "availability_zone_id": "euw1-az2",
            "cidr_block": "11.0.1.0/24",
            "customer_owned_ipv4_pool": "",
            "enable_dns64": false,
            "enable_lni_at_device_index": 0,
            "enable_resource_name_dns_a_record_on_launch": false,
            "enable_resource_name_dns_aaaa_record_on_launch": false,
            "id": "subnet-097fb81ff4b77e2f7",
            "ipv4_ipam_pool_id": null,
            "ipv4_netmask_length": null,
            "ipv6_cidr_block": "",
            "ipv6_cidr_block_association_id": "",
            "ipv6_ipam_pool_id": null,
            "ipv6_native": false,
            "ipv6_netmask_length": null,
            "map_customer_owned_ip_on_launch": false,
            "map_public_ip_on_launch": false,
            "outpost_arn": "",
            "owner_id": "665168932835",
            "private_dns_hostname_type_on_launch": "ip-name",
            "region": "eu-west-1",
            "tags": {
              "Name": "dev-proj-public-subnet-1"
            },
            "tags_all": {
              "Name": "dev-proj-public-subnet-1"
            },
            "timeouts": null,
            "vpc_id": "vpc-0cacdc775a5141331"
          },
          "sensitive_attributes": [],
          "identity_schema_version": 0,
          "identity": {
            "account_id": "665168932835",
            "id": "subnet-097fb81ff4b77e2f7",
            "region": "eu-west-1"
          },
          "private": "eyJlMmJmYjczMC1lY2FhLTExZTYtOGY4OC0zNDM2M2JjN2M0YzAiOnsiY3JlYXRlIjo2MDAwMDAwMDAwMDAsImRlbGV0ZSI6MTIwMDAwMDAwMDAwMH0sInNjaGVtYV92ZXJzaW9uIjoiMSJ9",
          "dependencies": [
            "module.networking.aws_vpc.dev_proj_1_vpc_eu_central_1"
          ]
        },
        {
          "index_key": 1,
          "schema_version": 1,
          "attributes": {
            "arn": "arn:aws:ec2:eu-west-1:665168932835:subnet/subnet-06a3850edcaafb439",
            "assign_ipv6_address_on_creation": false,
            "availability_zone": "eu-west-1b",
            "availability_zone_id": "euw1-az3",
            "cidr_block": "11.0.2.0/24",
            "customer_owned_ipv4_pool": "",
            "enable_dns64": false,
            "enable_lni_at_device_index": 0,
            "enable_resource_name_dns_a_record_on_launch": false,
            "enable_resource_name_dns_aaaa_record_on_launch": false,
            "id": "subnet-06a3850edcaafb439",
            "ipv4_ipam_pool_id": null,
            "ipv4_netmask_length": null,
            "ipv6_cidr_block": "",
            "ipv6_cidr_block_association_id": "",
            "ipv6_ipam_pool_id": null,
            "ipv6_native": false,
            "ipv6_netmask_length": null,
            "map_customer_owned_ip_on_launch": false,
            "map_public_ip_on_launch": false,
            "outpost_arn": "",
            "owner_id": "665168932835",
            "private_dns_hostname_type_on_launch": "ip-name",
            "region": "eu-west-1",
            "tags": {
              "Name": "dev-proj-public-subnet-2"
            },
            "tags_all": {
              "Name": "dev-proj-public-subnet-2"
            },
            "timeouts": null,
            "vpc_id": "vpc-0cacdc775a5141331"
          },
          "sensitive_attributes": [],
          "identity_schema_version": 0,
          "identity": {
            "account_id": "665168932835",
            "id": "subnet-06a3850edcaafb439",
            "region": "eu-west-1"
          },
          "private": "eyJlMmJmYjczMC1lY2FhLTExZTYtOGY4OC0zNDM2M2JjN2M0YzAiOnsiY3JlYXRlIjo2MDAwMDAwMDAwMDAsImRlbGV0ZSI6MTIwMDAwMDAwMDAwMH0sInNjaGVtYV92ZXJzaW9uIjoiMSJ9",
          "dependencies": [
            "module.networking.aws_vpc.dev_proj_1_vpc_eu_central_1"
          ]
        }
      ]
    },
    {
      "module": "module.networking",
      "mode": "managed",
      "type": "aws_vpc",
      "name": "dev_proj_1_vpc_eu_central_1",
      "provider": "provider[\"registry.terraform.io/hashicorp/aws\"]",
      "instances": [
        {
          "schema_version": 1,
          "attributes": {
            "arn": "arn:aws:ec2:eu-west-1:665168932835:vpc/vpc-0cacdc775a5141331",
            "assign_generated_ipv6_cidr_block": false,
            "cidr_block": "11.0.0.0/16",
            "default_network_acl_id": "acl-0d22c68513e11fbc4",
            "default_route_table_id": "rtb-09cda6c268a4657de",
            "default_security_group_id": "sg-0d490c8024579df7b",
            "dhcp_options_id": "dopt-03754dc90c2fb66ba",
            "enable_dns_hostnames": false,
            "enable_dns_support": true,
            "enable_network_address_usage_metrics": false,
            "id": "vpc-0cacdc775a5141331",
            "instance_tenancy": "default",
            "ipv4_ipam_pool_id": null,
            "ipv4_netmask_length": null,
            "ipv6_association_id": "",
            "ipv6_cidr_block": "",
            "ipv6_cidr_block_network_border_group": "",
            "ipv6_ipam_pool_id": "",
            "ipv6_netmask_length": 0,
            "main_route_table_id": "rtb-09cda6c268a4657de",
            "owner_id": "665168932835",
            "region": "eu-west-1",
            "tags": {
              "Name": "dev-proj-jenkins-eu-west-vpc-1"
            },
            "tags_all": {
              "Name": "dev-proj-jenkins-eu-west-vpc-1"
            }
          },
          "sensitive_attributes": [],
          "identity_schema_version": 0,
          "identity": {
            "account_id": "665168932835",
            "id": "vpc-0cacdc775a5141331",
            "region": "eu-west-1"
          },
          "private": "eyJzY2hlbWFfdmVyc2lvbiI6IjEifQ=="
        }
      ]
    },
    {
      "module": "module.security_group",
      "mode": "managed",
      "type": "aws_security_group",
      "name": "ec2_jenkins_port_8080",
      "provider": "provider[\"registry.terraform.io/hashicorp/aws\"]",
      "instances": [
        {
          "schema_version": 1,
          "attributes": {
            "arn": "arn:aws:ec2:eu-west-1:665168932835:security-group/sg-0f8c6ba57ed74ab0d",
            "description": "Enable the Port 8080 for jenkins",
            "egress": [
              {
                "cidr_blocks": [
                  "0.0.0.0/0"
                ],
                "description": "Allow outgoing request",
                "from_port": 0,
                "ipv6_cidr_blocks": [],
                "prefix_list_ids": [],
                "protocol": "-1",
                "security_groups": [],
                "self": false,
                "to_port": 0
              }
            ],
            "id": "sg-0f8c6ba57ed74ab0d",
            "ingress": [
              {
                "cidr_blocks": [
                  "0.0.0.0/0"
                ],
                "description": "Allow 8080 port to access jenkins",
                "from_port": 8080,
                "ipv6_cidr_blocks": [],
                "prefix_list_ids": [],
                "protocol": "tcp",
                "security_groups": [],
                "self": false,
                "to_port": 8080
              }
            ],
            "name": "Allow port 8080 for jenkins",
            "name_prefix": "",
            "owner_id": "665168932835",
            "region": "eu-west-1",
            "revoke_rules_on_delete": false,
            "tags": {
              "Name": "Jenkins Port 8080 SG"
            },
            "tags_all": {
              "Name": "Jenkins Port 8080 SG"
            },
            "timeouts": null,
            "vpc_id": "vpc-0cacdc775a5141331"
          },
          "sensitive_attributes": [],
          "identity_schema_version": 0,
          "identity": {
            "account_id": "665168932835",
            "id": "sg-0f8c6ba57ed74ab0d",
            "region": "eu-west-1"
          },
          "private": "eyJlMmJmYjczMC1lY2FhLTExZTYtOGY4OC0zNDM2M2JjN2M0YzAiOnsiY3JlYXRlIjo2MDAwMDAwMDAwMDAsImRlbGV0ZSI6OTAwMDAwMDAwMDAwfSwic2NoZW1hX3ZlcnNpb24iOiIxIn0=",
          "dependencies": [
            "module.networking.aws_vpc.dev_proj_1_vpc_eu_central_1"
          ]
        }
      ]
    },
    {
      "module": "module.security_group",
      "mode": "managed",
      "type": "aws_security_group",
      "name": "ec2_sg_ssh_http",
      "provider": "provider[\"registry.terraform.io/hashicorp/aws\"]",
      "instances": [
        {
          "schema_version": 1,
          "attributes": {
            "arn": "arn:aws:ec2:eu-west-1:665168932835:security-group/sg-07c9a8f1de7d77e12",
            "description": "Enable the Port 22(SSH) \u0026 Port 80(http)",
            "egress": [
              {
                "cidr_blocks": [
                  "0.0.0.0/0"
                ],
                "description": "Allow outgoing request",
                "from_port": 0,
                "ipv6_cidr_blocks": [],
                "prefix_list_ids": [],
                "protocol": "-1",
                "security_groups": [],
                "self": false,
                "to_port": 0
              }
            ],
            "id": "sg-07c9a8f1de7d77e12",
            "ingress": [
              {
                "cidr_blocks": [
                  "0.0.0.0/0"
                ],
                "description": "Allow HTTP request from anywhere",
                "from_port": 443,
                "ipv6_cidr_blocks": [],
                "prefix_list_ids": [],
                "protocol": "tcp",
                "security_groups": [],
                "self": false,
                "to_port": 443
              },
              {
                "cidr_blocks": [
                  "0.0.0.0/0"
                ],
                "description": "Allow HTTP request from anywhere",
                "from_port": 80,
                "ipv6_cidr_blocks": [],
                "prefix_list_ids": [],
                "protocol": "tcp",
                "security_groups": [],
                "self": false,
                "to_port": 80
              },
              {
                "cidr_blocks": [
                  "0.0.0.0/0"
                ],
                "description": "Allow remote SSH from anywhere",
                "from_port": 22,
                "ipv6_cidr_blocks": [],
                "prefix_list_ids": [],
                "protocol": "tcp",
                "security_groups": [],
                "self": false,
                "to_port": 22
              }
            ],
            "name": "SG for EC2 to enable SSH(22), HTTPS(443) and HTTP(80)",
            "name_prefix": "",
            "owner_id": "665168932835",
            "region": "eu-west-1",
            "revoke_rules_on_delete": false,
            "tags": {
              "Name": "Security Groups to allow SSH(22) and HTTP(80)"
            },
            "tags_all": {
              "Name": "Security Groups to allow SSH(22) and HTTP(80)"
            },
            "timeouts": null,
            "vpc_id": "vpc-0cacdc775a5141331"
          },
          "sensitive_attributes": [],
          "identity_schema_version": 0,
          "identity": {
            "account_id": "665168932835",
            "id": "sg-07c9a8f1de7d77e12",
            "region": "eu-west-1"
          },
          "private": "eyJlMmJmYjczMC1lY2FhLTExZTYtOGY4OC0zNDM2M2JjN2M0YzAiOnsiY3JlYXRlIjo2MDAwMDAwMDAwMDAsImRlbGV0ZSI6OTAwMDAwMDAwMDAwfSwic2NoZW1hX3ZlcnNpb24iOiIxIn0=",
          "dependencies": [
            "module.networking.aws_vpc.dev_proj_1_vpc_eu_central_1"
          ]
        }
      ]
    }
  ],
  "check_results": null
}
